// !$*UTF8*$!
{
	archiveVersion = 1;
	classes = {
	};
	objectVersion = 46;
	objects = {

/* Begin PBXBuildFile section */
		4CC584F3157545A300D22B47 /* UIKit.framework in Frameworks */ = {isa = PBXBuildFile; fileRef = 4CC584F2157545A300D22B47 /* UIKit.framework */; };
		4CC584F5157545A300D22B47 /* Foundation.framework in Frameworks */ = {isa = PBXBuildFile; fileRef = 4CC584F4157545A300D22B47 /* Foundation.framework */; };
		4CC584F7157545A300D22B47 /* CoreGraphics.framework in Frameworks */ = {isa = PBXBuildFile; fileRef = 4CC584F6157545A300D22B47 /* CoreGraphics.framework */; };
		4CC584FD157545A300D22B47 /* InfoPlist.strings in Resources */ = {isa = PBXBuildFile; fileRef = 4CC584FB157545A300D22B47 /* InfoPlist.strings */; };
		4CC584FF157545A300D22B47 /* main.m in Sources */ = {isa = PBXBuildFile; fileRef = 4CC584FE157545A300D22B47 /* main.m */; };
		4CC58503157545A400D22B47 /* SBoxAppDelegate.m in Sources */ = {isa = PBXBuildFile; fileRef = 4CC58502157545A400D22B47 /* SBoxAppDelegate.m */; };
		4CC58506157545A400D22B47 /* MainStoryboard.storyboard in Resources */ = {isa = PBXBuildFile; fileRef = 4CC58504157545A400D22B47 /* MainStoryboard.storyboard */; };
		4CC58509157545A400D22B47 /* SBoxFirstViewController.m in Sources */ = {isa = PBXBuildFile; fileRef = 4CC58508157545A400D22B47 /* SBoxFirstViewController.m */; };
		4CC5850B157545A400D22B47 /* first.png in Resources */ = {isa = PBXBuildFile; fileRef = 4CC5850A157545A400D22B47 /* first.png */; };
		4CC5850D157545A400D22B47 /* first@2x.png in Resources */ = {isa = PBXBuildFile; fileRef = 4CC5850C157545A400D22B47 /* first@2x.png */; };
		4CC58510157545A400D22B47 /* SBoxSecondViewController.m in Sources */ = {isa = PBXBuildFile; fileRef = 4CC5850F157545A400D22B47 /* SBoxSecondViewController.m */; };
		4CC58512157545A400D22B47 /* second.png in Resources */ = {isa = PBXBuildFile; fileRef = 4CC58511157545A400D22B47 /* second.png */; };
		4CC58514157545A400D22B47 /* second@2x.png in Resources */ = {isa = PBXBuildFile; fileRef = 4CC58513157545A400D22B47 /* second@2x.png */; };
/* End PBXBuildFile section */

/* Begin PBXFileReference section */
		4CC584EE157545A300D22B47 /* SecBox-iOS.app */ = {isa = PBXFileReference; explicitFileType = wrapper.application; includeInIndex = 0; path = "SecBox-iOS.app"; sourceTree = BUILT_PRODUCTS_DIR; };
		4CC584F2157545A300D22B47 /* UIKit.framework */ = {isa = PBXFileReference; lastKnownFileType = wrapper.framework; name = UIKit.framework; path = System/Library/Frameworks/UIKit.framework; sourceTree = SDKROOT; };
		4CC584F4157545A300D22B47 /* Foundation.framework */ = {isa = PBXFileReference; lastKnownFileType = wrapper.framework; name = Foundation.framework; path = System/Library/Frameworks/Foundation.framework; sourceTree = SDKROOT; };
		4CC584F6157545A300D22B47 /* CoreGraphics.framework */ = {isa = PBXFileReference; lastKnownFileType = wrapper.framework; name = CoreGraphics.framework; path = System/Library/Frameworks/CoreGraphics.framework; sourceTree = SDKROOT; };
		4CC584FA157545A300D22B47 /* SecBox-iOS-Info.plist */ = {isa = PBXFileReference; path = "SecBox-iOS-Info.plist"; sourceTree = "<group>"; };
		4CC584FC157545A300D22B47 /* en */ = {isa = PBXFileReference; lastKnownFileType = text.plist.strings; name = en; path = en.lproj/InfoPlist.strings; sourceTree = "<group>"; };
		4CC584FE157545A300D22B47 /* main.m */ = {isa = PBXFileReference; lastKnownFileType = sourcecode.c.objc; path = main.m; sourceTree = "<group>"; };
		4CC58500157545A300D22B47 /* SecBox-iOS-Prefix.pch */ = {isa = PBXFileReference; path = "SecBox-iOS-Prefix.pch"; sourceTree = "<group>"; };
		4CC58501157545A300D22B47 /* SBoxAppDelegate.h */ = {isa = PBXFileReference; path = SBoxAppDelegate.h; sourceTree = "<group>"; };
		4CC58502157545A400D22B47 /* SBoxAppDelegate.m */ = {isa = PBXFileReference; lastKnownFileType = sourcecode.c.objc; path = SBoxAppDelegate.m; sourceTree = "<group>"; };
		4CC58505157545A400D22B47 /* en */ = {isa = PBXFileReference; lastKnownFileType = file.storyboard; name = en; path = en.lproj/MainStoryboard.storyboard; sourceTree = "<group>"; };
		4CC58507157545A400D22B47 /* SBoxFirstViewController.h */ = {isa = PBXFileReference; path = SBoxFirstViewController.h; sourceTree = "<group>"; };
		4CC58508157545A400D22B47 /* SBoxFirstViewController.m */ = {isa = PBXFileReference; lastKnownFileType = sourcecode.c.objc; path = SBoxFirstViewController.m; sourceTree = "<group>"; };
		4CC5850A157545A400D22B47 /* first.png */ = {isa = PBXFileReference; lastKnownFileType = image.png; path = first.png; sourceTree = "<group>"; };
		4CC5850C157545A400D22B47 /* first@2x.png */ = {isa = PBXFileReference; lastKnownFileType = image.png; path = "first@2x.png"; sourceTree = "<group>"; };
		4CC5850E157545A400D22B47 /* SBoxSecondViewController.h */ = {isa = PBXFileReference; path = SBoxSecondViewController.h; sourceTree = "<group>"; };
		4CC5850F157545A400D22B47 /* SBoxSecondViewController.m */ = {isa = PBXFileReference; lastKnownFileType = sourcecode.c.objc; path = SBoxSecondViewController.m; sourceTree = "<group>"; };
		4CC58511157545A400D22B47 /* second.png */ = {isa = PBXFileReference; lastKnownFileType = image.png; path = second.png; sourceTree = "<group>"; };
		4CC58513157545A400D22B47 /* second@2x.png */ = {isa = PBXFileReference; lastKnownFileType = image.png; path = "second@2x.png"; sourceTree = "<group>"; };
/* End PBXFileReference section */

/* Begin PBXFrameworksBuildPhase section */
		4CC584EB157545A300D22B47 /* Frameworks */ = {
			isa = PBXFrameworksBuildPhase;
			buildActionMask = 2147483647;
			files = (
				4CC584F3157545A300D22B47 /* UIKit.framework in Frameworks */,
				4CC584F5157545A300D22B47 /* Foundation.framework in Frameworks */,
				4CC584F7157545A300D22B47 /* CoreGraphics.framework in Frameworks */,
			);
			runOnlyForDeploymentPostprocessing = 0;
		};
/* End PBXFrameworksBuildPhase section */

/* Begin PBXGroup section */
		4CC584E3157545A300D22B47 = {
			isa = PBXGroup;
			children = (
				4CC584F8157545A300D22B47 /* SecBox-iOS */,
				4CC584F1157545A300D22B47 /* Frameworks */,
				4CC584EF157545A300D22B47 /* Products */,
			);
			sourceTree = "<group>";
		};
		4CC584EF157545A300D22B47 /* Products */ = {
			isa = PBXGroup;
			children = (
				4CC584EE157545A300D22B47 /* SecBox-iOS.app */,
			);
			name = Products;
			sourceTree = "<group>";
		};
		4CC584F1157545A300D22B47 /* Frameworks */ = {
			isa = PBXGroup;
			children = (
				4CC584F2157545A300D22B47 /* UIKit.framework */,
				4CC584F4157545A300D22B47 /* Foundation.framework */,
				4CC584F6157545A300D22B47 /* CoreGraphics.framework */,
			);
			name = Frameworks;
			sourceTree = "<group>";
		};
		4CC584F8157545A300D22B47 /* SecBox-iOS */ = {
			isa = PBXGroup;
			children = (
				4CC58501157545A300D22B47 /* SBoxAppDelegate.h */,
				4CC58502157545A400D22B47 /* SBoxAppDelegate.m */,
				4CC58504157545A400D22B47 /* MainStoryboard.storyboard */,
				4CC58507157545A400D22B47 /* SBoxFirstViewController.h */,
				4CC58508157545A400D22B47 /* SBoxFirstViewController.m */,
				4CC5850A157545A400D22B47 /* first.png */,
				4CC5850C157545A400D22B47 /* first@2x.png */,
				4CC5850E157545A400D22B47 /* SBoxSecondViewController.h */,
				4CC5850F157545A400D22B47 /* SBoxSecondViewController.m */,
				4CC58511157545A400D22B47 /* second.png */,
				4CC58513157545A400D22B47 /* second@2x.png */,
				4CC584F9157545A300D22B47 /* Supporting Files */,
			);
			path = "SecBox-iOS";
			sourceTree = "<group>";
		};
		4CC584F9157545A300D22B47 /* Supporting Files */ = {
			isa = PBXGroup;
			children = (
				4CC584FA157545A300D22B47 /* SecBox-iOS-Info.plist */,
				4CC584FB157545A300D22B47 /* InfoPlist.strings */,
				4CC584FE157545A300D22B47 /* main.m */,
				4CC58500157545A300D22B47 /* SecBox-iOS-Prefix.pch */,
			);
			name = "Supporting Files";
			sourceTree = "<group>";
		};
/* End PBXGroup section */

/* Begin PBXNativeTarget section */
		4CC584ED157545A300D22B47 /* SecBox-iOS */ = {
			isa = PBXNativeTarget;
			buildConfigurationList = 4CC58517157545A400D22B47 /* Build configuration list for PBXNativeTarget "SecBox-iOS" */;
			buildPhases = (
				4CC584EA157545A300D22B47 /* Sources */,
				4CC584EB157545A300D22B47 /* Frameworks */,
				4CC584EC157545A300D22B47 /* Resources */,
			);
			buildRules = (
			);
			dependencies = (
			);
			name = "SecBox-iOS";
			productName = "SecBox-iOS";
			productReference = 4CC584EE157545A300D22B47 /* SecBox-iOS.app */;
			productType = "com.apple.product-type.application";
		};
/* End PBXNativeTarget section */

/* Begin PBXProject section */
		4CC584E5157545A300D22B47 /* Project object */ = {
			isa = PBXProject;
			attributes = {
				CLASSPREFIX = SBox;
				LastUpgradeCheck = 0430;
			};
			buildConfigurationList = 4CC584E8157545A300D22B47 /* Build configuration list for PBXProject "SecBox-iOS" */;
			compatibilityVersion = "Xcode 3.2";
			developmentRegion = English;
			hasScannedForEncodings = 0;
			knownRegions = (
				en,
			);
			mainGroup = 4CC584E3157545A300D22B47;
			productRefGroup = 4CC584EF157545A300D22B47 /* Products */;
			projectDirPath = "";
			projectRoot = "";
			targets = (
				4CC584ED157545A300D22B47 /* SecBox-iOS */,
			);
		};
/* End PBXProject section */

/* Begin PBXResourcesBuildPhase section */
		4CC584EC157545A300D22B47 /* Resources */ = {
			isa = PBXResourcesBuildPhase;
			buildActionMask = 2147483647;
			files = (
				4CC584FD157545A300D22B47 /* InfoPlist.strings in Resources */,
				4CC58506157545A400D22B47 /* MainStoryboard.storyboard in Resources */,
				4CC5850B157545A400D22B47 /* first.png in Resources */,
				4CC5850D157545A400D22B47 /* first@2x.png in Resources */,
				4CC58512157545A400D22B47 /* second.png in Resources */,
				4CC58514157545A400D22B47 /* second@2x.png in Resources */,
			);
			runOnlyForDeploymentPostprocessing = 0;
		};
/* End PBXResourcesBuildPhase section */

/* Begin PBXSourcesBuildPhase section */
		4CC584EA157545A300D22B47 /* Sources */ = {
			isa = PBXSourcesBuildPhase;
			buildActionMask = 2147483647;
			files = (
				4CC584FF157545A300D22B47 /* main.m in Sources */,
				4CC58503157545A400D22B47 /* SBoxAppDelegate.m in Sources */,
				4CC58509157545A400D22B47 /* SBoxFirstViewController.m in Sources */,
				4CC58510157545A400D22B47 /* SBoxSecondViewController.m in Sources */,
			);
			runOnlyForDeploymentPostprocessing = 0;
		};
/* End PBXSourcesBuildPhase section */

/* Begin PBXVariantGroup section */
		4CC584FB157545A300D22B47 /* InfoPlist.strings */ = {
			isa = PBXVariantGroup;
			children = (
				4CC584FC157545A300D22B47 /* en */,
			);
			name = InfoPlist.strings;
			sourceTree = "<group>";
		};
		4CC58504157545A400D22B47 /* MainStoryboard.storyboard */ = {
			isa = PBXVariantGroup;
			children = (
				4CC58505157545A400D22B47 /* en */,
			);
			name = MainStoryboard.storyboard;
			sourceTree = "<group>";
		};
/* End PBXVariantGroup section */

/* Begin XCBuildConfiguration section */
		4CC58515157545A400D22B47 /* Debug */ = {
			isa = XCBuildConfiguration;
			buildSettings = {
				ALWAYS_SEARCH_USER_PATHS = NO;
				ARCHS = "$(ARCHS_STANDARD_32_BIT)";
				"CODE_SIGN_IDENTITY[sdk=iphoneos*]" = "iPhone Developer";
				COPY_PHASE_STRIP = NO;
				GCC_C_LANGUAGE_STANDARD = gnu99;
				GCC_DYNAMIC_NO_PIC = NO;
				GCC_OPTIMIZATION_LEVEL = 0;
				GCC_PREPROCESSOR_DEFINITIONS = (
					"DEBUG=1",
					"$(inherited)",
				);
				GCC_SYMBOLS_PRIVATE_EXTERN = NO;
				GCC_VERSION = com.apple.compilers.llvm.clang.1_0;
				GCC_WARN_ABOUT_RETURN_TYPE = YES;
				GCC_WARN_UNINITIALIZED_AUTOS = YES;
				GCC_WARN_UNUSED_VARIABLE = YES;
				IPHONEOS_DEPLOYMENT_TARGET = 5.1;
				SDKROOT = iphoneos;
			};
			name = Debug;
		};
		4CC58516157545A400D22B47 /* Release */ = {
			isa = XCBuildConfiguration;
			buildSettings = {
				ALWAYS_SEARCH_USER_PATHS = NO;
				ARCHS = "$(ARCHS_STANDARD_32_BIT)";
				"CODE_SIGN_IDENTITY[sdk=iphoneos*]" = "iPhone Developer";
				COPY_PHASE_STRIP = YES;
				GCC_C_LANGUAGE_STANDARD = gnu99;
				GCC_VERSION = com.apple.compilers.llvm.clang.1_0;
				GCC_WARN_ABOUT_RETURN_TYPE = YES;
				GCC_WARN_UNINITIALIZED_AUTOS = YES;
				GCC_WARN_UNUSED_VARIABLE = YES;
				IPHONEOS_DEPLOYMENT_TARGET = 5.1;
				OTHER_CFLAGS = "-DNS_BLOCK_ASSERTIONS=1";
				SDKROOT = iphoneos;
				VALIDATE_PRODUCT = YES;
			};
			name = Release;
		};
		4CC58518157545A400D22B47 /* Debug */ = {
			isa = XCBuildConfiguration;
			buildSettings = {
				GCC_PRECOMPILE_PREFIX_HEADER = YES;
				GCC_PREFIX_HEADER = "SecBox-iOS/SecBox-iOS-Prefix.pch";
				INFOPLIST_FILE = "SecBox-iOS/SecBox-iOS-Info.plist";
				PRODUCT_NAME = "$(TARGET_NAME)";
				WRAPPER_EXTENSION = app;
			};
			name = Debug;
		};
		4CC58519157545A400D22B47 /* Release */ = {
			isa = XCBuildConfiguration;
			buildSettings = {
				GCC_PRECOMPILE_PREFIX_HEADER = YES;
				GCC_PREFIX_HEADER = "SecBox-iOS/SecBox-iOS-Prefix.pch";
				INFOPLIST_FILE = "SecBox-iOS/SecBox-iOS-Info.plist";
				PRODUCT_NAME = "$(TARGET_NAME)";
				WRAPPER_EXTENSION = app;
			};
			name = Release;
		};
/* End XCBuildConfiguration section */

/* Begin XCConfigurationList section */
		4CC584E8157545A300D22B47 /* Build configuration list for PBXProject "SecBox-iOS" */ = {
			isa = XCConfigurationList;
			buildConfigurations = (
				4CC58515157545A400D22B47 /* Debug */,
				4CC58516157545A400D22B47 /* Release */,
			);
			defaultConfigurationIsVisible = 0;
			defaultConfigurationName = Release;
		};
		4CC58517157545A400D22B47 /* Build configuration list for PBXNativeTarget "SecBox-iOS" */ = {
			isa = XCConfigurationList;
			buildConfigurations = (
				4CC58518157545A400D22B47 /* Debug */,
				4CC58519157545A400D22B47 /* Release */,
			);
			defaultConfigurationIsVisible = 0;
		};
/* End XCConfigurationList section */
	};
	rootObject = 4CC584E5157545A300D22B47 /* Project object */;
}
