// !$*UTF8*$!
{
	archiveVersion = 1;
	classes = {
	};
	objectVersion = 46;
	objects = {

/* Begin PBXBuildFile section */
		4CC584F3157545A300D22B47 /* UIKit.framework in Frameworks */ = {isa = PBXBuildFile; fileRef = 4CC584F2157545A300D22B47 /* UIKit.framework */; };
		4CC584F5157545A300D22B47 /* Foundation.framework in Frameworks */ = {isa = PBXBuildFile; fileRef = 4CC584F4157545A300D22B47 /* Foundation.framework */; };
		4CC584F7157545A300D22B47 /* CoreGraphics.framework in Frameworks */ = {isa = PBXBuildFile; fileRef = 4CC584F6157545A300D22B47 /* CoreGraphics.framework */; };
		4CC584FD157545A300D22B47 /* InfoPlist.strings in Resources */ = {isa = PBXBuildFile; fileRef = 4CC584FB157545A300D22B47 /* InfoPlist.strings */; };
		4CC584FF157545A300D22B47 /* main.m in Sources */ = {isa = PBXBuildFile; fileRef = 4CC584FE157545A300D22B47 /* main.m */; };
		4CC58503157545A400D22B47 /* SBoxAppDelegate.m in Sources */ = {isa = PBXBuildFile; fileRef = 4CC58502157545A400D22B47 /* SBoxAppDelegate.m */; };
		4CC58506157545A400D22B47 /* MainStoryboard.storyboard in Resources */ = {isa = PBXBuildFile; fileRef = 4CC58504157545A400D22B47 /* MainStoryboard.storyboard */; };
		4CC58509157545A400D22B47 /* SBoxFirstViewController.m in Sources */ = {isa = PBXBuildFile; fileRef = 4CC58508157545A400D22B47 /* SBoxFirstViewController.m */; };
		4CC5850B157545A400D22B47 /* first.png in Resources */ = {isa = PBXBuildFile; fileRef = 4CC5850A157545A400D22B47 /* first.png */; };
		4CC5850D157545A400D22B47 /* first@2x.png in Resources */ = {isa = PBXBuildFile; fileRef = 4CC5850C157545A400D22B47 /* first@2x.png */; };
		4CC58510157545A400D22B47 /* SBoxSecondViewController.m in Sources */ = {isa = PBXBuildFile; fileRef = 4CC5850F157545A400D22B47 /* SBoxSecondViewController.m */; };
		4CC58512157545A400D22B47 /* second.png in Resources */ = {isa = PBXBuildFile; fileRef = 4CC58511157545A400D22B47 /* second.png */; };
		4CC58514157545A400D22B47 /* second@2x.png in Resources */ = {isa = PBXBuildFile; fileRef = 4CC58513157545A400D22B47 /* second@2x.png */; };
		4CC5858A15754B6700D22B47 /* SBoxAlgorithms.m in Sources */ = {isa = PBXBuildFile; fileRef = 4CC5856D15754B6700D22B47 /* SBoxAlgorithms.m */; };
		4CC5858B15754B6700D22B47 /* SBoxConfigs.m in Sources */ = {isa = PBXBuildFile; fileRef = 4CC5856F15754B6700D22B47 /* SBoxConfigs.m */; };
		4CC5858C15754B6700D22B47 /* SBoxNetConnection.m in Sources */ = {isa = PBXBuildFile; fileRef = 4CC5857115754B6700D22B47 /* SBoxNetConnection.m */; };
		4CC5858D15754B6700D22B47 /* SBoxUtils.m in Sources */ = {isa = PBXBuildFile; fileRef = 4CC5857315754B6700D22B47 /* SBoxUtils.m */; };
		4CC5858E15754B6700D22B47 /* SBFSNode.m in Sources */ = {isa = PBXBuildFile; fileRef = 4CC5857815754B6700D22B47 /* SBFSNode.m */; };
		4CC5858F15754B6700D22B47 /* SBFSTree.m in Sources */ = {isa = PBXBuildFile; fileRef = 4CC5857A15754B6700D22B47 /* SBFSTree.m */; };
		4CC5859015754B6700D22B47 /* SBoxFileSystem.m in Sources */ = {isa = PBXBuildFile; fileRef = 4CC5857C15754B6700D22B47 /* SBoxFileSystem.m */; };
		4CC5859115754B6700D22B47 /* SBoxSyncSystem.m in Sources */ = {isa = PBXBuildFile; fileRef = 4CC5857F15754B6700D22B47 /* SBoxSyncSystem.m */; };
		4CC5859215754B6700D22B47 /* SBSSPair.m in Sources */ = {isa = PBXBuildFile; fileRef = 4CC5858215754B6700D22B47 /* SBSSPair.m */; };
		4CC5859315754B6700D22B47 /* VDiskItemInfo.m in Sources */ = {isa = PBXBuildFile; fileRef = 4CC5858715754B6700D22B47 /* VDiskItemInfo.m */; };
		4CC5859415754B6700D22B47 /* VDiskManager.m in Sources */ = {isa = PBXBuildFile; fileRef = 4CC5858915754B6700D22B47 /* VDiskManager.m */; };
		4CC585AA15754B7300D22B47 /* GTMStringEncoding.m in Sources */ = {isa = PBXBuildFile; fileRef = 4CC5859A15754B7300D22B47 /* GTMStringEncoding.m */; };
		4CC585AB15754B7300D22B47 /* SBJsonParser.m in Sources */ = {isa = PBXBuildFile; fileRef = 4CC5859D15754B7300D22B47 /* SBJsonParser.m */; };
		4CC585AC15754B7300D22B47 /* SBJsonStreamParser.m in Sources */ = {isa = PBXBuildFile; fileRef = 4CC5859F15754B7300D22B47 /* SBJsonStreamParser.m */; };
		4CC585AD15754B7300D22B47 /* SBJsonStreamParserAccumulator.m in Sources */ = {isa = PBXBuildFile; fileRef = 4CC585A115754B7300D22B47 /* SBJsonStreamParserAccumulator.m */; };
		4CC585AE15754B7300D22B47 /* SBJsonStreamParserAdapter.m in Sources */ = {isa = PBXBuildFile; fileRef = 4CC585A315754B7300D22B47 /* SBJsonStreamParserAdapter.m */; };
		4CC585AF15754B7300D22B47 /* SBJsonStreamParserState.m in Sources */ = {isa = PBXBuildFile; fileRef = 4CC585A515754B7300D22B47 /* SBJsonStreamParserState.m */; };
		4CC585B015754B7300D22B47 /* SBJsonTokeniser.m in Sources */ = {isa = PBXBuildFile; fileRef = 4CC585A715754B7300D22B47 /* SBJsonTokeniser.m */; };
		4CC585B115754B7300D22B47 /* SBJsonUTF8Stream.m in Sources */ = {isa = PBXBuildFile; fileRef = 4CC585A915754B7300D22B47 /* SBJsonUTF8Stream.m */; };
/* End PBXBuildFile section */

/* Begin PBXFileReference section */
		4CC584EE157545A300D22B47 /* SecBox-iOS.app */ = {isa = PBXFileReference; explicitFileType = wrapper.application; includeInIndex = 0; path = "SecBox-iOS.app"; sourceTree = BUILT_PRODUCTS_DIR; };
		4CC584F2157545A300D22B47 /* UIKit.framework */ = {isa = PBXFileReference; lastKnownFileType = wrapper.framework; name = UIKit.framework; path = System/Library/Frameworks/UIKit.framework; sourceTree = SDKROOT; };
		4CC584F4157545A300D22B47 /* Foundation.framework */ = {isa = PBXFileReference; lastKnownFileType = wrapper.framework; name = Foundation.framework; path = System/Library/Frameworks/Foundation.framework; sourceTree = SDKROOT; };
		4CC584F6157545A300D22B47 /* CoreGraphics.framework */ = {isa = PBXFileReference; lastKnownFileType = wrapper.framework; name = CoreGraphics.framework; path = System/Library/Frameworks/CoreGraphics.framework; sourceTree = SDKROOT; };
		4CC584FA157545A300D22B47 /* SecBox-iOS-Info.plist */ = {isa = PBXFileReference; lastKnownFileType = text.plist.xml; path = "SecBox-iOS-Info.plist"; sourceTree = "<group>"; };
		4CC584FC157545A300D22B47 /* en */ = {isa = PBXFileReference; lastKnownFileType = text.plist.strings; name = en; path = en.lproj/InfoPlist.strings; sourceTree = "<group>"; };
		4CC584FE157545A300D22B47 /* main.m */ = {isa = PBXFileReference; lastKnownFileType = sourcecode.c.objc; path = main.m; sourceTree = "<group>"; };
		4CC58500157545A300D22B47 /* SecBox-iOS-Prefix.pch */ = {isa = PBXFileReference; lastKnownFileType = sourcecode.c.h; path = "SecBox-iOS-Prefix.pch"; sourceTree = "<group>"; };
		4CC58501157545A300D22B47 /* SBoxAppDelegate.h */ = {isa = PBXFileReference; lastKnownFileType = sourcecode.c.h; path = SBoxAppDelegate.h; sourceTree = "<group>"; };
		4CC58502157545A400D22B47 /* SBoxAppDelegate.m */ = {isa = PBXFileReference; lastKnownFileType = sourcecode.c.objc; path = SBoxAppDelegate.m; sourceTree = "<group>"; };
		4CC58505157545A400D22B47 /* en */ = {isa = PBXFileReference; lastKnownFileType = file.storyboard; name = en; path = en.lproj/MainStoryboard.storyboard; sourceTree = "<group>"; };
		4CC58507157545A400D22B47 /* SBoxFirstViewController.h */ = {isa = PBXFileReference; lastKnownFileType = sourcecode.c.h; path = SBoxFirstViewController.h; sourceTree = "<group>"; };
		4CC58508157545A400D22B47 /* SBoxFirstViewController.m */ = {isa = PBXFileReference; lastKnownFileType = sourcecode.c.objc; path = SBoxFirstViewController.m; sourceTree = "<group>"; };
		4CC5850A157545A400D22B47 /* first.png */ = {isa = PBXFileReference; lastKnownFileType = image.png; path = first.png; sourceTree = "<group>"; };
		4CC5850C157545A400D22B47 /* first@2x.png */ = {isa = PBXFileReference; lastKnownFileType = image.png; path = "first@2x.png"; sourceTree = "<group>"; };
		4CC5850E157545A400D22B47 /* SBoxSecondViewController.h */ = {isa = PBXFileReference; lastKnownFileType = sourcecode.c.h; path = SBoxSecondViewController.h; sourceTree = "<group>"; };
		4CC5850F157545A400D22B47 /* SBoxSecondViewController.m */ = {isa = PBXFileReference; lastKnownFileType = sourcecode.c.objc; path = SBoxSecondViewController.m; sourceTree = "<group>"; };
		4CC58511157545A400D22B47 /* second.png */ = {isa = PBXFileReference; lastKnownFileType = image.png; path = second.png; sourceTree = "<group>"; };
		4CC58513157545A400D22B47 /* second@2x.png */ = {isa = PBXFileReference; lastKnownFileType = image.png; path = "second@2x.png"; sourceTree = "<group>"; };
		4CC5856C15754B6700D22B47 /* SBoxAlgorithms.h */ = {isa = PBXFileReference; fileEncoding = 4; lastKnownFileType = sourcecode.c.h; path = SBoxAlgorithms.h; sourceTree = "<group>"; };
		4CC5856D15754B6700D22B47 /* SBoxAlgorithms.m */ = {isa = PBXFileReference; fileEncoding = 4; lastKnownFileType = sourcecode.c.objc; path = SBoxAlgorithms.m; sourceTree = "<group>"; };
		4CC5856E15754B6700D22B47 /* SBoxConfigs.h */ = {isa = PBXFileReference; fileEncoding = 4; lastKnownFileType = sourcecode.c.h; path = SBoxConfigs.h; sourceTree = "<group>"; };
		4CC5856F15754B6700D22B47 /* SBoxConfigs.m */ = {isa = PBXFileReference; fileEncoding = 4; lastKnownFileType = sourcecode.c.objc; path = SBoxConfigs.m; sourceTree = "<group>"; };
		4CC5857015754B6700D22B47 /* SBoxNetConnection.h */ = {isa = PBXFileReference; fileEncoding = 4; lastKnownFileType = sourcecode.c.h; path = SBoxNetConnection.h; sourceTree = "<group>"; };
		4CC5857115754B6700D22B47 /* SBoxNetConnection.m */ = {isa = PBXFileReference; fileEncoding = 4; lastKnownFileType = sourcecode.c.objc; path = SBoxNetConnection.m; sourceTree = "<group>"; };
		4CC5857215754B6700D22B47 /* SBoxUtils.h */ = {isa = PBXFileReference; fileEncoding = 4; lastKnownFileType = sourcecode.c.h; path = SBoxUtils.h; sourceTree = "<group>"; };
		4CC5857315754B6700D22B47 /* SBoxUtils.m */ = {isa = PBXFileReference; fileEncoding = 4; lastKnownFileType = sourcecode.c.objc; path = SBoxUtils.m; sourceTree = "<group>"; };
		4CC5857415754B6700D22B47 /* SBoxDefines.h */ = {isa = PBXFileReference; fileEncoding = 4; lastKnownFileType = sourcecode.c.h; path = SBoxDefines.h; sourceTree = "<group>"; };
		4CC5857615754B6700D22B47 /* SBFSDefines.h */ = {isa = PBXFileReference; fileEncoding = 4; lastKnownFileType = sourcecode.c.h; path = SBFSDefines.h; sourceTree = "<group>"; };
		4CC5857715754B6700D22B47 /* SBFSNode.h */ = {isa = PBXFileReference; fileEncoding = 4; lastKnownFileType = sourcecode.c.h; path = SBFSNode.h; sourceTree = "<group>"; };
		4CC5857815754B6700D22B47 /* SBFSNode.m */ = {isa = PBXFileReference; fileEncoding = 4; lastKnownFileType = sourcecode.c.objc; path = SBFSNode.m; sourceTree = "<group>"; };
		4CC5857915754B6700D22B47 /* SBFSTree.h */ = {isa = PBXFileReference; fileEncoding = 4; lastKnownFileType = sourcecode.c.h; path = SBFSTree.h; sourceTree = "<group>"; };
		4CC5857A15754B6700D22B47 /* SBFSTree.m */ = {isa = PBXFileReference; fileEncoding = 4; lastKnownFileType = sourcecode.c.objc; path = SBFSTree.m; sourceTree = "<group>"; };
		4CC5857B15754B6700D22B47 /* SBoxFileSystem.h */ = {isa = PBXFileReference; fileEncoding = 4; lastKnownFileType = sourcecode.c.h; path = SBoxFileSystem.h; sourceTree = "<group>"; };
		4CC5857C15754B6700D22B47 /* SBoxFileSystem.m */ = {isa = PBXFileReference; fileEncoding = 4; lastKnownFileType = sourcecode.c.objc; path = SBoxFileSystem.m; sourceTree = "<group>"; };
		4CC5857E15754B6700D22B47 /* SBoxSyncSystem.h */ = {isa = PBXFileReference; fileEncoding = 4; lastKnownFileType = sourcecode.c.h; path = SBoxSyncSystem.h; sourceTree = "<group>"; };
		4CC5857F15754B6700D22B47 /* SBoxSyncSystem.m */ = {isa = PBXFileReference; fileEncoding = 4; lastKnownFileType = sourcecode.c.objc; path = SBoxSyncSystem.m; sourceTree = "<group>"; };
		4CC5858015754B6700D22B47 /* SBSSDefines.h */ = {isa = PBXFileReference; fileEncoding = 4; lastKnownFileType = sourcecode.c.h; path = SBSSDefines.h; sourceTree = "<group>"; };
		4CC5858115754B6700D22B47 /* SBSSPair.h */ = {isa = PBXFileReference; fileEncoding = 4; lastKnownFileType = sourcecode.c.h; path = SBSSPair.h; sourceTree = "<group>"; };
		4CC5858215754B6700D22B47 /* SBSSPair.m */ = {isa = PBXFileReference; fileEncoding = 4; lastKnownFileType = sourcecode.c.objc; path = SBSSPair.m; sourceTree = "<group>"; };
		4CC5858415754B6700D22B47 /* VDiskConstants.h */ = {isa = PBXFileReference; fileEncoding = 4; lastKnownFileType = sourcecode.c.h; path = VDiskConstants.h; sourceTree = "<group>"; };
		4CC5858515754B6700D22B47 /* VDiskDefines.h */ = {isa = PBXFileReference; fileEncoding = 4; lastKnownFileType = sourcecode.c.h; path = VDiskDefines.h; sourceTree = "<group>"; };
		4CC5858615754B6700D22B47 /* VDiskItemInfo.h */ = {isa = PBXFileReference; fileEncoding = 4; lastKnownFileType = sourcecode.c.h; path = VDiskItemInfo.h; sourceTree = "<group>"; };
		4CC5858715754B6700D22B47 /* VDiskItemInfo.m */ = {isa = PBXFileReference; fileEncoding = 4; lastKnownFileType = sourcecode.c.objc; path = VDiskItemInfo.m; sourceTree = "<group>"; };
		4CC5858815754B6700D22B47 /* VDiskManager.h */ = {isa = PBXFileReference; fileEncoding = 4; lastKnownFileType = sourcecode.c.h; path = VDiskManager.h; sourceTree = "<group>"; };
		4CC5858915754B6700D22B47 /* VDiskManager.m */ = {isa = PBXFileReference; fileEncoding = 4; lastKnownFileType = sourcecode.c.objc; path = VDiskManager.m; sourceTree = "<group>"; };
		4CC5859815754B7300D22B47 /* GTMDefines.h */ = {isa = PBXFileReference; fileEncoding = 4; lastKnownFileType = sourcecode.c.h; path = GTMDefines.h; sourceTree = "<group>"; };
		4CC5859915754B7300D22B47 /* GTMStringEncoding.h */ = {isa = PBXFileReference; fileEncoding = 4; lastKnownFileType = sourcecode.c.h; path = GTMStringEncoding.h; sourceTree = "<group>"; };
		4CC5859A15754B7300D22B47 /* GTMStringEncoding.m */ = {isa = PBXFileReference; fileEncoding = 4; lastKnownFileType = sourcecode.c.objc; path = GTMStringEncoding.m; sourceTree = "<group>"; };
		4CC5859C15754B7300D22B47 /* SBJsonParser.h */ = {isa = PBXFileReference; fileEncoding = 4; lastKnownFileType = sourcecode.c.h; path = SBJsonParser.h; sourceTree = "<group>"; };
		4CC5859D15754B7300D22B47 /* SBJsonParser.m */ = {isa = PBXFileReference; fileEncoding = 4; lastKnownFileType = sourcecode.c.objc; path = SBJsonParser.m; sourceTree = "<group>"; };
		4CC5859E15754B7300D22B47 /* SBJsonStreamParser.h */ = {isa = PBXFileReference; fileEncoding = 4; lastKnownFileType = sourcecode.c.h; path = SBJsonStreamParser.h; sourceTree = "<group>"; };
		4CC5859F15754B7300D22B47 /* SBJsonStreamParser.m */ = {isa = PBXFileReference; fileEncoding = 4; lastKnownFileType = sourcecode.c.objc; path = SBJsonStreamParser.m; sourceTree = "<group>"; };
		4CC585A015754B7300D22B47 /* SBJsonStreamParserAccumulator.h */ = {isa = PBXFileReference; fileEncoding = 4; lastKnownFileType = sourcecode.c.h; path = SBJsonStreamParserAccumulator.h; sourceTree = "<group>"; };
		4CC585A115754B7300D22B47 /* SBJsonStreamParserAccumulator.m */ = {isa = PBXFileReference; fileEncoding = 4; lastKnownFileType = sourcecode.c.objc; path = SBJsonStreamParserAccumulator.m; sourceTree = "<group>"; };
		4CC585A215754B7300D22B47 /* SBJsonStreamParserAdapter.h */ = {isa = PBXFileReference; fileEncoding = 4; lastKnownFileType = sourcecode.c.h; path = SBJsonStreamParserAdapter.h; sourceTree = "<group>"; };
		4CC585A315754B7300D22B47 /* SBJsonStreamParserAdapter.m */ = {isa = PBXFileReference; fileEncoding = 4; lastKnownFileType = sourcecode.c.objc; path = SBJsonStreamParserAdapter.m; sourceTree = "<group>"; };
		4CC585A415754B7300D22B47 /* SBJsonStreamParserState.h */ = {isa = PBXFileReference; fileEncoding = 4; lastKnownFileType = sourcecode.c.h; path = SBJsonStreamParserState.h; sourceTree = "<group>"; };
		4CC585A515754B7300D22B47 /* SBJsonStreamParserState.m */ = {isa = PBXFileReference; fileEncoding = 4; lastKnownFileType = sourcecode.c.objc; path = SBJsonStreamParserState.m; sourceTree = "<group>"; };
		4CC585A615754B7300D22B47 /* SBJsonTokeniser.h */ = {isa = PBXFileReference; fileEncoding = 4; lastKnownFileType = sourcecode.c.h; path = SBJsonTokeniser.h; sourceTree = "<group>"; };
		4CC585A715754B7300D22B47 /* SBJsonTokeniser.m */ = {isa = PBXFileReference; fileEncoding = 4; lastKnownFileType = sourcecode.c.objc; path = SBJsonTokeniser.m; sourceTree = "<group>"; };
		4CC585A815754B7300D22B47 /* SBJsonUTF8Stream.h */ = {isa = PBXFileReference; fileEncoding = 4; lastKnownFileType = sourcecode.c.h; path = SBJsonUTF8Stream.h; sourceTree = "<group>"; };
		4CC585A915754B7300D22B47 /* SBJsonUTF8Stream.m */ = {isa = PBXFileReference; fileEncoding = 4; lastKnownFileType = sourcecode.c.objc; path = SBJsonUTF8Stream.m; sourceTree = "<group>"; };
		4CC585BF15754D1300D22B47 /* SecBoxDefines.h */ = {isa = PBXFileReference; fileEncoding = 4; lastKnownFileType = sourcecode.c.h; path = SecBoxDefines.h; sourceTree = "<group>"; };
/* End PBXFileReference section */

/* Begin PBXFrameworksBuildPhase section */
		4CC584EB157545A300D22B47 /* Frameworks */ = {
			isa = PBXFrameworksBuildPhase;
			buildActionMask = 2147483647;
			files = (
				4CC584F3157545A300D22B47 /* UIKit.framework in Frameworks */,
				4CC584F5157545A300D22B47 /* Foundation.framework in Frameworks */,
				4CC584F7157545A300D22B47 /* CoreGraphics.framework in Frameworks */,
			);
			runOnlyForDeploymentPostprocessing = 0;
		};
/* End PBXFrameworksBuildPhase section */

/* Begin PBXGroup section */
		4CC584E3157545A300D22B47 = {
			isa = PBXGroup;
			children = (
				4CC584F8157545A300D22B47 /* SecBox-iOS */,
				4CC584F1157545A300D22B47 /* Frameworks */,
				4CC584EF157545A300D22B47 /* Products */,
			);
			sourceTree = "<group>";
		};
		4CC584EF157545A300D22B47 /* Products */ = {
			isa = PBXGroup;
			children = (
				4CC584EE157545A300D22B47 /* SecBox-iOS.app */,
			);
			name = Products;
			sourceTree = "<group>";
		};
		4CC584F1157545A300D22B47 /* Frameworks */ = {
			isa = PBXGroup;
			children = (
				4CC584F2157545A300D22B47 /* UIKit.framework */,
				4CC584F4157545A300D22B47 /* Foundation.framework */,
				4CC584F6157545A300D22B47 /* CoreGraphics.framework */,
			);
			name = Frameworks;
			sourceTree = "<group>";
		};
		4CC584F8157545A300D22B47 /* SecBox-iOS */ = {
			isa = PBXGroup;
			children = (
				4CC585BA15754C9C00D22B47 /* foundations */,
				4CC5859615754B7300D22B47 /* ThirdPartyCodes */,
				4CC5856A15754B6700D22B47 /* OCCodes */,
				4CC58501157545A300D22B47 /* SBoxAppDelegate.h */,
				4CC58502157545A400D22B47 /* SBoxAppDelegate.m */,
				4CC58504157545A400D22B47 /* MainStoryboard.storyboard */,
				4CC58507157545A400D22B47 /* SBoxFirstViewController.h */,
				4CC58508157545A400D22B47 /* SBoxFirstViewController.m */,
				4CC5850A157545A400D22B47 /* first.png */,
				4CC5850C157545A400D22B47 /* first@2x.png */,
				4CC5850E157545A400D22B47 /* SBoxSecondViewController.h */,
				4CC5850F157545A400D22B47 /* SBoxSecondViewController.m */,
				4CC58511157545A400D22B47 /* second.png */,
				4CC58513157545A400D22B47 /* second@2x.png */,
				4CC584F9157545A300D22B47 /* Supporting Files */,
			);
			path = "SecBox-iOS";
			sourceTree = "<group>";
		};
		4CC584F9157545A300D22B47 /* Supporting Files */ = {
			isa = PBXGroup;
			children = (
				4CC584FA157545A300D22B47 /* SecBox-iOS-Info.plist */,
				4CC584FB157545A300D22B47 /* InfoPlist.strings */,
				4CC584FE157545A300D22B47 /* main.m */,
				4CC58500157545A300D22B47 /* SecBox-iOS-Prefix.pch */,
			);
			name = "Supporting Files";
			sourceTree = "<group>";
		};
		4CC5856A15754B6700D22B47 /* OCCodes */ = {
			isa = PBXGroup;
			children = (
				4CC5856B15754B6700D22B47 /* Others */,
				4CC5857415754B6700D22B47 /* SBoxDefines.h */,
				4CC5857515754B6700D22B47 /* SBoxFileSystem */,
				4CC5857D15754B6700D22B47 /* SBoxSyncSystem */,
				4CC5858315754B6700D22B47 /* VDiskSystem */,
			);
			name = OCCodes;
			path = ../../SharedCodes/OCCodes;
			sourceTree = "<group>";
		};
		4CC5856B15754B6700D22B47 /* Others */ = {
			isa = PBXGroup;
			children = (
				4CC5856C15754B6700D22B47 /* SBoxAlgorithms.h */,
				4CC5856D15754B6700D22B47 /* SBoxAlgorithms.m */,
				4CC5856E15754B6700D22B47 /* SBoxConfigs.h */,
				4CC5856F15754B6700D22B47 /* SBoxConfigs.m */,
				4CC5857015754B6700D22B47 /* SBoxNetConnection.h */,
				4CC5857115754B6700D22B47 /* SBoxNetConnection.m */,
				4CC5857215754B6700D22B47 /* SBoxUtils.h */,
				4CC5857315754B6700D22B47 /* SBoxUtils.m */,
			);
			path = Others;
			sourceTree = "<group>";
		};
		4CC5857515754B6700D22B47 /* SBoxFileSystem */ = {
			isa = PBXGroup;
			children = (
				4CC5857615754B6700D22B47 /* SBFSDefines.h */,
				4CC5857715754B6700D22B47 /* SBFSNode.h */,
				4CC5857815754B6700D22B47 /* SBFSNode.m */,
				4CC5857915754B6700D22B47 /* SBFSTree.h */,
				4CC5857A15754B6700D22B47 /* SBFSTree.m */,
				4CC5857B15754B6700D22B47 /* SBoxFileSystem.h */,
				4CC5857C15754B6700D22B47 /* SBoxFileSystem.m */,
			);
			path = SBoxFileSystem;
			sourceTree = "<group>";
		};
		4CC5857D15754B6700D22B47 /* SBoxSyncSystem */ = {
			isa = PBXGroup;
			children = (
				4CC5857E15754B6700D22B47 /* SBoxSyncSystem.h */,
				4CC5857F15754B6700D22B47 /* SBoxSyncSystem.m */,
				4CC5858015754B6700D22B47 /* SBSSDefines.h */,
				4CC5858115754B6700D22B47 /* SBSSPair.h */,
				4CC5858215754B6700D22B47 /* SBSSPair.m */,
			);
			path = SBoxSyncSystem;
			sourceTree = "<group>";
		};
		4CC5858315754B6700D22B47 /* VDiskSystem */ = {
			isa = PBXGroup;
			children = (
				4CC5858415754B6700D22B47 /* VDiskConstants.h */,
				4CC5858515754B6700D22B47 /* VDiskDefines.h */,
				4CC5858615754B6700D22B47 /* VDiskItemInfo.h */,
				4CC5858715754B6700D22B47 /* VDiskItemInfo.m */,
				4CC5858815754B6700D22B47 /* VDiskManager.h */,
				4CC5858915754B6700D22B47 /* VDiskManager.m */,
			);
			path = VDiskSystem;
			sourceTree = "<group>";
		};
		4CC5859615754B7300D22B47 /* ThirdPartyCodes */ = {
			isa = PBXGroup;
			children = (
				4CC5859715754B7300D22B47 /* gtm */,
				4CC5859B15754B7300D22B47 /* sbjason */,
			);
			name = ThirdPartyCodes;
			path = ../../SharedCodes/ThirdPartyCodes;
			sourceTree = "<group>";
		};
		4CC5859715754B7300D22B47 /* gtm */ = {
			isa = PBXGroup;
			children = (
				4CC5859815754B7300D22B47 /* GTMDefines.h */,
				4CC5859915754B7300D22B47 /* GTMStringEncoding.h */,
				4CC5859A15754B7300D22B47 /* GTMStringEncoding.m */,
			);
			path = gtm;
			sourceTree = "<group>";
		};
		4CC5859B15754B7300D22B47 /* sbjason */ = {
			isa = PBXGroup;
			children = (
				4CC5859C15754B7300D22B47 /* SBJsonParser.h */,
				4CC5859D15754B7300D22B47 /* SBJsonParser.m */,
				4CC5859E15754B7300D22B47 /* SBJsonStreamParser.h */,
				4CC5859F15754B7300D22B47 /* SBJsonStreamParser.m */,
				4CC585A015754B7300D22B47 /* SBJsonStreamParserAccumulator.h */,
				4CC585A115754B7300D22B47 /* SBJsonStreamParserAccumulator.m */,
				4CC585A215754B7300D22B47 /* SBJsonStreamParserAdapter.h */,
				4CC585A315754B7300D22B47 /* SBJsonStreamParserAdapter.m */,
				4CC585A415754B7300D22B47 /* SBJsonStreamParserState.h */,
				4CC585A515754B7300D22B47 /* SBJsonStreamParserState.m */,
				4CC585A615754B7300D22B47 /* SBJsonTokeniser.h */,
				4CC585A715754B7300D22B47 /* SBJsonTokeniser.m */,
				4CC585A815754B7300D22B47 /* SBJsonUTF8Stream.h */,
				4CC585A915754B7300D22B47 /* SBJsonUTF8Stream.m */,
			);
			path = sbjason;
			sourceTree = "<group>";
		};
		4CC585BA15754C9C00D22B47 /* foundations */ = {
			isa = PBXGroup;
			children = (
				4CC585BF15754D1300D22B47 /* SecBoxDefines.h */,
			);
			name = foundations;
			path = ../../foundations;
			sourceTree = "<group>";
		};
/* End PBXGroup section */

/* Begin PBXNativeTarget section */
		4CC584ED157545A300D22B47 /* SecBox-iOS */ = {
			isa = PBXNativeTarget;
			buildConfigurationList = 4CC58517157545A400D22B47 /* Build configuration list for PBXNativeTarget "SecBox-iOS" */;
			buildPhases = (
				4CC584EA157545A300D22B47 /* Sources */,
				4CC584EB157545A300D22B47 /* Frameworks */,
				4CC584EC157545A300D22B47 /* Resources */,
			);
			buildRules = (
			);
			dependencies = (
			);
			name = "SecBox-iOS";
			productName = "SecBox-iOS";
			productReference = 4CC584EE157545A300D22B47 /* SecBox-iOS.app */;
			productType = "com.apple.product-type.application";
		};
/* End PBXNativeTarget section */

/* Begin PBXProject section */
		4CC584E5157545A300D22B47 /* Project object */ = {
			isa = PBXProject;
			attributes = {
				CLASSPREFIX = SBox;
				LastUpgradeCheck = 0430;
			};
			buildConfigurationList = 4CC584E8157545A300D22B47 /* Build configuration list for PBXProject "SecBox-iOS" */;
			compatibilityVersion = "Xcode 3.2";
			developmentRegion = English;
			hasScannedForEncodings = 0;
			knownRegions = (
				en,
			);
			mainGroup = 4CC584E3157545A300D22B47;
			productRefGroup = 4CC584EF157545A300D22B47 /* Products */;
			projectDirPath = "";
			projectRoot = "";
			targets = (
				4CC584ED157545A300D22B47 /* SecBox-iOS */,
			);
		};
/* End PBXProject section */

/* Begin PBXResourcesBuildPhase section */
		4CC584EC157545A300D22B47 /* Resources */ = {
			isa = PBXResourcesBuildPhase;
			buildActionMask = 2147483647;
			files = (
				4CC584FD157545A300D22B47 /* InfoPlist.strings in Resources */,
				4CC58506157545A400D22B47 /* MainStoryboard.storyboard in Resources */,
				4CC5850B157545A400D22B47 /* first.png in Resources */,
				4CC5850D157545A400D22B47 /* first@2x.png in Resources */,
				4CC58512157545A400D22B47 /* second.png in Resources */,
				4CC58514157545A400D22B47 /* second@2x.png in Resources */,
			);
			runOnlyForDeploymentPostprocessing = 0;
		};
/* End PBXResourcesBuildPhase section */

/* Begin PBXSourcesBuildPhase section */
		4CC584EA157545A300D22B47 /* Sources */ = {
			isa = PBXSourcesBuildPhase;
			buildActionMask = 2147483647;
			files = (
				4CC584FF157545A300D22B47 /* main.m in Sources */,
				4CC58503157545A400D22B47 /* SBoxAppDelegate.m in Sources */,
				4CC58509157545A400D22B47 /* SBoxFirstViewController.m in Sources */,
				4CC58510157545A400D22B47 /* SBoxSecondViewController.m in Sources */,
				4CC5858A15754B6700D22B47 /* SBoxAlgorithms.m in Sources */,
				4CC5858B15754B6700D22B47 /* SBoxConfigs.m in Sources */,
				4CC5858C15754B6700D22B47 /* SBoxNetConnection.m in Sources */,
				4CC5858D15754B6700D22B47 /* SBoxUtils.m in Sources */,
				4CC5858E15754B6700D22B47 /* SBFSNode.m in Sources */,
				4CC5858F15754B6700D22B47 /* SBFSTree.m in Sources */,
				4CC5859015754B6700D22B47 /* SBoxFileSystem.m in Sources */,
				4CC5859115754B6700D22B47 /* SBoxSyncSystem.m in Sources */,
				4CC5859215754B6700D22B47 /* SBSSPair.m in Sources */,
				4CC5859315754B6700D22B47 /* VDiskItemInfo.m in Sources */,
				4CC5859415754B6700D22B47 /* VDiskManager.m in Sources */,
				4CC585AA15754B7300D22B47 /* GTMStringEncoding.m in Sources */,
				4CC585AB15754B7300D22B47 /* SBJsonParser.m in Sources */,
				4CC585AC15754B7300D22B47 /* SBJsonStreamParser.m in Sources */,
				4CC585AD15754B7300D22B47 /* SBJsonStreamParserAccumulator.m in Sources */,
				4CC585AE15754B7300D22B47 /* SBJsonStreamParserAdapter.m in Sources */,
				4CC585AF15754B7300D22B47 /* SBJsonStreamParserState.m in Sources */,
				4CC585B015754B7300D22B47 /* SBJsonTokeniser.m in Sources */,
				4CC585B115754B7300D22B47 /* SBJsonUTF8Stream.m in Sources */,
			);
			runOnlyForDeploymentPostprocessing = 0;
		};
/* End PBXSourcesBuildPhase section */

/* Begin PBXVariantGroup section */
		4CC584FB157545A300D22B47 /* InfoPlist.strings */ = {
			isa = PBXVariantGroup;
			children = (
				4CC584FC157545A300D22B47 /* en */,
			);
			name = InfoPlist.strings;
			sourceTree = "<group>";
		};
		4CC58504157545A400D22B47 /* MainStoryboard.storyboard */ = {
			isa = PBXVariantGroup;
			children = (
				4CC58505157545A400D22B47 /* en */,
			);
			name = MainStoryboard.storyboard;
			sourceTree = "<group>";
		};
/* End PBXVariantGroup section */

/* Begin XCBuildConfiguration section */
		4CC58515157545A400D22B47 /* Debug */ = {
			isa = XCBuildConfiguration;
			buildSettings = {
				ALWAYS_SEARCH_USER_PATHS = NO;
				ARCHS = "$(ARCHS_STANDARD_32_BIT)";
				"CODE_SIGN_IDENTITY[sdk=iphoneos*]" = "iPhone Developer";
				COPY_PHASE_STRIP = NO;
				GCC_C_LANGUAGE_STANDARD = gnu99;
				GCC_DYNAMIC_NO_PIC = NO;
				GCC_OPTIMIZATION_LEVEL = 0;
				GCC_PREPROCESSOR_DEFINITIONS = (
					"DEBUG=1",
					"$(inherited)",
				);
				GCC_SYMBOLS_PRIVATE_EXTERN = NO;
				GCC_VERSION = com.apple.compilers.llvm.clang.1_0;
				GCC_WARN_ABOUT_RETURN_TYPE = YES;
				GCC_WARN_UNINITIALIZED_AUTOS = YES;
				GCC_WARN_UNUSED_VARIABLE = YES;
				IPHONEOS_DEPLOYMENT_TARGET = 5.1;
				SDKROOT = iphoneos;
			};
			name = Debug;
		};
		4CC58516157545A400D22B47 /* Release */ = {
			isa = XCBuildConfiguration;
			buildSettings = {
				ALWAYS_SEARCH_USER_PATHS = NO;
				ARCHS = "$(ARCHS_STANDARD_32_BIT)";
				"CODE_SIGN_IDENTITY[sdk=iphoneos*]" = "iPhone Developer";
				COPY_PHASE_STRIP = YES;
				GCC_C_LANGUAGE_STANDARD = gnu99;
				GCC_VERSION = com.apple.compilers.llvm.clang.1_0;
				GCC_WARN_ABOUT_RETURN_TYPE = YES;
				GCC_WARN_UNINITIALIZED_AUTOS = YES;
				GCC_WARN_UNUSED_VARIABLE = YES;
				IPHONEOS_DEPLOYMENT_TARGET = 5.1;
				OTHER_CFLAGS = "-DNS_BLOCK_ASSERTIONS=1";
				SDKROOT = iphoneos;
				VALIDATE_PRODUCT = YES;
			};
			name = Release;
		};
		4CC58518157545A400D22B47 /* Debug */ = {
			isa = XCBuildConfiguration;
			buildSettings = {
				GCC_PRECOMPILE_PREFIX_HEADER = YES;
				GCC_PREFIX_HEADER = "SecBox-iOS/SecBox-iOS-Prefix.pch";
				INFOPLIST_FILE = "SecBox-iOS/SecBox-iOS-Info.plist";
				PRODUCT_NAME = "$(TARGET_NAME)";
				WRAPPER_EXTENSION = app;
			};
			name = Debug;
		};
		4CC58519157545A400D22B47 /* Release */ = {
			isa = XCBuildConfiguration;
			buildSettings = {
				GCC_PRECOMPILE_PREFIX_HEADER = YES;
				GCC_PREFIX_HEADER = "SecBox-iOS/SecBox-iOS-Prefix.pch";
				INFOPLIST_FILE = "SecBox-iOS/SecBox-iOS-Info.plist";
				PRODUCT_NAME = "$(TARGET_NAME)";
				WRAPPER_EXTENSION = app;
			};
			name = Release;
		};
/* End XCBuildConfiguration section */

/* Begin XCConfigurationList section */
		4CC584E8157545A300D22B47 /* Build configuration list for PBXProject "SecBox-iOS" */ = {
			isa = XCConfigurationList;
			buildConfigurations = (
				4CC58515157545A400D22B47 /* Debug */,
				4CC58516157545A400D22B47 /* Release */,
			);
			defaultConfigurationIsVisible = 0;
			defaultConfigurationName = Release;
		};
		4CC58517157545A400D22B47 /* Build configuration list for PBXNativeTarget "SecBox-iOS" */ = {
			isa = XCConfigurationList;
			buildConfigurations = (
				4CC58518157545A400D22B47 /* Debug */,
				4CC58519157545A400D22B47 /* Release */,
			);
			defaultConfigurationIsVisible = 0;
			defaultConfigurationName = Release;
		};
/* End XCConfigurationList section */
	};
	rootObject = 4CC584E5157545A300D22B47 /* Project object */;
}
